Microsoft Visual Studio Solution File, Format Version 11.00
# Visual Studio 2008

Project("{4DDFC58B-A2E2-AAE6-16B6-52F8FA98D5AC}") = "App42-Unity3D-Social-LeaderBoard", "Assembly-CSharp.csproj", "{244AA125-D5BE-CAC7-C012-486C5D09809A}"
EndProject
Project("{4DDFC58B-A2E2-AAE6-16B6-52F8FA98D5AC}") = "App42-Unity3D-Social-LeaderBoard", "Assembly-CSharp-Editor.csproj", "{AEC9E8A3-D1F7-429F-1BC6-A2FE8F6191B9}"
EndProject
Global
	GlobalSection(SolutionConfigurationPlatforms) = preSolution
		Debug|Any CPU = Debug|Any CPU
		Release|Any CPU = Release|Any CPU
	EndGlobalSection
	GlobalSection(ProjectConfigurationPlatforms) = postSolution
		{244AA125-D5BE-CAC7-C012-486C5D09809A}.Debug|Any CPU.ActiveCfg = Debug|Any CPU
		{244AA125-D5BE-CAC7-C012-486C5D09809A}.Debug|Any CPU.Build.0 = Debug|Any CPU
		{244AA125-D5BE-CAC7-C012-486C5D09809A}.Release|Any CPU.ActiveCfg = Release|Any CPU
		{244AA125-D5BE-CAC7-C012-486C5D09809A}.Release|Any CPU.Build.0 = Release|Any CPU
		{AEC9E8A3-D1F7-429F-1BC6-A2FE8F6191B9}.Debug|Any CPU.ActiveCfg = Debug|Any CPU
		{AEC9E8A3-D1F7-429F-1BC6-A2FE8F6191B9}.Debug|Any CPU.Build.0 = Debug|Any CPU
		{AEC9E8A3-D1F7-429F-1BC6-A2FE8F6191B9}.Release|Any CPU.ActiveCfg = Release|Any CPU
		{AEC9E8A3-D1F7-429F-1BC6-A2FE8F6191B9}.Release|Any CPU.Build.0 = Release|Any CPU
	EndGlobalSection
	GlobalSection(SolutionProperties) = preSolution
		HideSolutionNode = FALSE
	EndGlobalSection
		GlobalSection(MonoDevelopProperties) = preSolution
		StartupItem = Assembly-CSharp.csproj
		Policies = $0
		$0.TextStylePolicy = $1
		$1.inheritsSet = null
		$1.scope = text/x-csharp
		$0.CSharpFormattingPolicy = $2
		$2.inheritsSet = Mono
		$2.inheritsScope = text/x-csharp
		$2.scope = text/x-csharp
		$0.TextStylePolicy = $3
		$3.FileWidth = 120
		$3.TabWidth = 4
		$3.EolMarker = Unix
		$3.inheritsSet = Mono
		$3.inheritsScope = text/plain
		$3.scope = text/plain
	EndGlobalSection

EndGlobal
